
Microsoft Visual Studio Solution File, Format Version 12.00
# Visual Studio Version 17
VisualStudioVersion = 17.11.35222.181
MinimumVisualStudioVersion = 10.0.40219.1
Project("{FAE04EC0-301F-11D3-BF4B-00C04F79EFBC}") = "Wurfel", "Wurfel.csproj", "{813C3B81-6374-447E-BDC3-B55AE42A2F2C}"
EndProject
Global
	GlobalSection(SolutionConfigurationPlatforms) = preSolution
		Debug|Any CPU = Debug|Any CPU
		Release|Any CPU = Release|Any CPU
	EndGlobalSection
	GlobalSection(ProjectConfigurationPlatforms) = postSolution
		{813C3B81-6374-447E-BDC3-B55AE42A2F2C}.Debug|Any CPU.ActiveCfg = Debug|Any CPU
		{813C3B81-6374-447E-BDC3-B55AE42A2F2C}.Debug|Any CPU.Build.0 = Debug|Any CPU
		{813C3B81-6374-447E-BDC3-B55AE42A2F2C}.Release|Any CPU.ActiveCfg = Release|Any CPU
		{813C3B81-6374-447E-BDC3-B55AE42A2F2C}.Release|Any CPU.Build.0 = Release|Any CPU
	EndGlobalSection
	GlobalSection(SolutionProperties) = preSolution
		HideSolutionNode = FALSE
	EndGlobalSection
	GlobalSection(ExtensibilityGlobals) = postSolution
		SolutionGuid = {B7C0FCD1-5CEE-4098-9098-4B9CB9C90C01}
	EndGlobalSection
EndGlobal
